
Microsoft Visual Studio Solution File, Format Version 12.00
# Visual Studio 15
VisualStudioVersion = 15.0.27703.2042
MinimumVisualStudioVersion = 10.0.40219.1
Project("{8BC9CEB8-8B4A-11D0-8D11-00A0C91BC942}") = "GitTest", "GitTest\GitTest.vcxproj", "{91A86AA3-1ABE-4A31-99BD-31A15A43B956}"
EndProject
Global
	GlobalSection(SolutionConfigurationPlatforms) = preSolution
		Debug|x64 = Debug|x64
		Debug|x86 = Debug|x86
		Release|x64 = Release|x64
		Release|x86 = Release|x86
	EndGlobalSection
	GlobalSection(ProjectConfigurationPlatforms) = postSolution
		{91A86AA3-1ABE-4A31-99BD-31A15A43B956}.Debug|x64.ActiveCfg = Debug|x64
		{91A86AA3-1ABE-4A31-99BD-31A15A43B956}.Debug|x64.Build.0 = Debug|x64
		{91A86AA3-1ABE-4A31-99BD-31A15A43B956}.Debug|x86.ActiveCfg = Debug|Win32
		{91A86AA3-1ABE-4A31-99BD-31A15A43B956}.Debug|x86.Build.0 = Debug|Win32
		{91A86AA3-1ABE-4A31-99BD-31A15A43B956}.Release|x64.ActiveCfg = Release|x64
		{91A86AA3-1ABE-4A31-99BD-31A15A43B956}.Release|x64.Build.0 = Release|x64
		{91A86AA3-1ABE-4A31-99BD-31A15A43B956}.Release|x86.ActiveCfg = Release|Win32
		{91A86AA3-1ABE-4A31-99BD-31A15A43B956}.Release|x86.Build.0 = Release|Win32
	EndGlobalSection
	GlobalSection(SolutionProperties) = preSolution
		HideSolutionNode = FALSE
	EndGlobalSection
	GlobalSection(ExtensibilityGlobals) = postSolution
		SolutionGuid = {8871E940-34DE-43C6-B7B6-813D8CC89E95}
	EndGlobalSection
EndGlobal
